Microsoft Visual Studio Solution File, Format Version 12.00
Project("{2150E333-8FDC-42A3-9474-1A3956D46DE8}") = "src", "src", "{521EA1C0-B19F-40F8-AEE0-6FB821937CE0}"
EndProject
Project("{2150E333-8FDC-42A3-9474-1A3956D46DE8}") = "Template", "Template", "{7B79120E-4216-4CA0-9D17-DBC470511E3F}"
EndProject
Project("{2150E333-8FDC-42A3-9474-1A3956D46DE8}") = "test", "test", "{9EFE8303-D4E4-4089-9193-1C6C7DFC5F52}"
EndProject
Project("{FAE04EC0-301F-11D3-BF4B-00C04F79EFBC}") = "AevatarTemplate.Tests", "src\Template\test\AevatarTemplate.Tests\AevatarTemplate.Tests.csproj", "{54A0E41D-0829-40C3-8539-773AF8F3D4F7}"
EndProject
Project("{2150E333-8FDC-42A3-9474-1A3956D46DE8}") = "src", "src", "{51F16CF2-3802-405A-8BD0-F9C3CCCF25A5}"
EndProject
Project("{FAE04EC0-301F-11D3-BF4B-00C04F79EFBC}") = "AevatarTemplate.Client", "src\Template\src\AevatarTemplate.Client\AevatarTemplate.Client.csproj", "{B990FE8A-35EC-45AD-9A62-425104E73E1D}"
EndProject
Project("{FAE04EC0-301F-11D3-BF4B-00C04F79EFBC}") = "AevatarTemplate.GAgents", "src\Template\src\AevatarTemplate.GAgents\AevatarTemplate.GAgents.csproj", "{4CBD9A55-DADF-44C9-82C7-4F9EF4995C67}"
EndProject
Project("{FAE04EC0-301F-11D3-BF4B-00C04F79EFBC}") = "AevatarTemplate.Silo", "src\Template\src\AevatarTemplate.Silo\AevatarTemplate.Silo.csproj", "{202F926A-AC68-4EF8-9655-F15676F61918}"
EndProject
Project("{2150E333-8FDC-42A3-9474-1A3956D46DE8}") = "Samples", "Samples", "{B06FA57A-1671-48B6-B37F-00A4566EF347}"
EndProject
Project("{2150E333-8FDC-42A3-9474-1A3956D46DE8}") = "SequentialWorkflow", "SequentialWorkflow", "{180CDCE4-70F4-4EE9-B4CF-DC42846ADE19}"
EndProject
Project("{FAE04EC0-301F-11D3-BF4B-00C04F79EFBC}") = "SequentialWorkflow.Silo", "src\Samples\SequentialWorkflow\SequentialWorkflow.Silo\SequentialWorkflow.Silo.csproj", "{6DBD7D5E-008A-4359-AB30-EB6290DEF194}"
EndProject
Project("{FAE04EC0-301F-11D3-BF4B-00C04F79EFBC}") = "SequentialWorkflow.Client", "src\Samples\SequentialWorkflow\SequentialWorkflow.Client\SequentialWorkflow.Client.csproj", "{9845706D-FA24-4370-85E3-31B528086975}"
EndProject
Project("{FAE04EC0-301F-11D3-BF4B-00C04F79EFBC}") = "SequentialWorkflow.GAgents", "src\Samples\SequentialWorkflow\SequentialWorkflow.GAgents\SequentialWorkflow.GAgents.csproj", "{C0C51378-95E9-4038-835E-A96527842C8A}"
EndProject
Project("{2150E333-8FDC-42A3-9474-1A3956D46DE8}") = "GraphRetrieval", "GraphRetrieval", "{5D21E588-FBCF-4D5A-A39D-452EA043E5A9}"
EndProject
Project("{FAE04EC0-301F-11D3-BF4B-00C04F79EFBC}") = "GraphRetrieval.Client", "src\Samples\GraphRetrieval\GraphRetrieval.Client\GraphRetrieval.Client.csproj", "{2A80EA75-F7DA-4A1F-AEBD-5CE86B81A9EF}"
EndProject
Project("{FAE04EC0-301F-11D3-BF4B-00C04F79EFBC}") = "GraphRetrieval.Silo", "src\Samples\GraphRetrieval\GraphRetrieval.Silo\GraphRetrieval.Silo.csproj", "{A14B9A1D-46C5-4629-A50E-161AE0037652}"
EndProject
Project("{FAE04EC0-301F-11D3-BF4B-00C04F79EFBC}") = "GitHubIssueAnalysis.GAgents", "src\Samples\GitHubIssueAnalysis\GitHubIssueAnalysis.GAgents\GitHubIssueAnalysis.GAgents.csproj", "{A4F9B4D7-8C3F-4D5C-A1E2-12F7B6D7E890}"
EndProject
Project("{FAE04EC0-301F-11D3-BF4B-00C04F79EFBC}") = "GitHubIssueAnalysis.Client", "src\Samples\GitHubIssueAnalysis\GitHubIssueAnalysis.Client\GitHubIssueAnalysis.Client.csproj", "{B9F84AD7-8C8F-4D5C-A1E2-12F7B6D7E891}"
EndProject
Project("{FAE04EC0-301F-11D3-BF4B-00C04F79EFBC}") = "GitHubIssueAnalysis.Silo", "src\Samples\GitHubIssueAnalysis\GitHubIssueAnalysis.Silo\GitHubIssueAnalysis.Silo.csproj", "{C9F84AD7-8C8F-4D5C-A1E2-12F7B6D7E892}"
EndProject
Global
	GlobalSection(SolutionConfigurationPlatforms) = preSolution
		Debug|Any CPU = Debug|Any CPU
		Release|Any CPU = Release|Any CPU
	EndGlobalSection
	GlobalSection(NestedProjects) = preSolution
		{7B79120E-4216-4CA0-9D17-DBC470511E3F} = {521EA1C0-B19F-40F8-AEE0-6FB821937CE0}
		{9EFE8303-D4E4-4089-9193-1C6C7DFC5F52} = {7B79120E-4216-4CA0-9D17-DBC470511E3F}
		{54A0E41D-0829-40C3-8539-773AF8F3D4F7} = {9EFE8303-D4E4-4089-9193-1C6C7DFC5F52}
		{51F16CF2-3802-405A-8BD0-F9C3CCCF25A5} = {7B79120E-4216-4CA0-9D17-DBC470511E3F}
		{B990FE8A-35EC-45AD-9A62-425104E73E1D} = {51F16CF2-3802-405A-8BD0-F9C3CCCF25A5}
		{4CBD9A55-DADF-44C9-82C7-4F9EF4995C67} = {51F16CF2-3802-405A-8BD0-F9C3CCCF25A5}
		{202F926A-AC68-4EF8-9655-F15676F61918} = {51F16CF2-3802-405A-8BD0-F9C3CCCF25A5}
		{B06FA57A-1671-48B6-B37F-00A4566EF347} = {521EA1C0-B19F-40F8-AEE0-6FB821937CE0}
		{180CDCE4-70F4-4EE9-B4CF-DC42846ADE19} = {B06FA57A-1671-48B6-B37F-00A4566EF347}
		{6DBD7D5E-008A-4359-AB30-EB6290DEF194} = {180CDCE4-70F4-4EE9-B4CF-DC42846ADE19}
		{9845706D-FA24-4370-85E3-31B528086975} = {180CDCE4-70F4-4EE9-B4CF-DC42846ADE19}
		{C0C51378-95E9-4038-835E-A96527842C8A} = {180CDCE4-70F4-4EE9-B4CF-DC42846ADE19}
		{5D21E588-FBCF-4D5A-A39D-452EA043E5A9} = {B06FA57A-1671-48B6-B37F-00A4566EF347}
		{2A80EA75-F7DA-4A1F-AEBD-5CE86B81A9EF} = {5D21E588-FBCF-4D5A-A39D-452EA043E5A9}
		{A14B9A1D-46C5-4629-A50E-161AE0037652} = {5D21E588-FBCF-4D5A-A39D-452EA043E5A9}
		{A4F9B4D7-8C3F-4D5C-A1E2-12F7B6D7E890} = {B06FA57A-1671-48B6-B37F-00A4566EF347}
		{B9F84AD7-8C8F-4D5C-A1E2-12F7B6D7E891} = {B06FA57A-1671-48B6-B37F-00A4566EF347}
		{C9F84AD7-8C8F-4D5C-A1E2-12F7B6D7E892} = {B06FA57A-1671-48B6-B37F-00A4566EF347}
	EndGlobalSection
	GlobalSection(ProjectConfigurationPlatforms) = postSolution
		{54A0E41D-0829-40C3-8539-773AF8F3D4F7}.Debug|Any CPU.ActiveCfg = Debug|Any CPU
		{54A0E41D-0829-40C3-8539-773AF8F3D4F7}.Debug|Any CPU.Build.0 = Debug|Any CPU
		{54A0E41D-0829-40C3-8539-773AF8F3D4F7}.Release|Any CPU.ActiveCfg = Release|Any CPU
		{54A0E41D-0829-40C3-8539-773AF8F3D4F7}.Release|Any CPU.Build.0 = Release|Any CPU
		{B990FE8A-35EC-45AD-9A62-425104E73E1D}.Debug|Any CPU.ActiveCfg = Debug|Any CPU
		{B990FE8A-35EC-45AD-9A62-425104E73E1D}.Debug|Any CPU.Build.0 = Debug|Any CPU
		{B990FE8A-35EC-45AD-9A62-425104E73E1D}.Release|Any CPU.ActiveCfg = Release|Any CPU
		{B990FE8A-35EC-45AD-9A62-425104E73E1D}.Release|Any CPU.Build.0 = Release|Any CPU
		{4CBD9A55-DADF-44C9-82C7-4F9EF4995C67}.Debug|Any CPU.ActiveCfg = Debug|Any CPU
		{4CBD9A55-DADF-44C9-82C7-4F9EF4995C67}.Debug|Any CPU.Build.0 = Debug|Any CPU
		{4CBD9A55-DADF-44C9-82C7-4F9EF4995C67}.Release|Any CPU.ActiveCfg = Release|Any CPU
		{4CBD9A55-DADF-44C9-82C7-4F9EF4995C67}.Release|Any CPU.Build.0 = Release|Any CPU
		{202F926A-AC68-4EF8-9655-F15676F61918}.Debug|Any CPU.ActiveCfg = Debug|Any CPU
		{202F926A-AC68-4EF8-9655-F15676F61918}.Debug|Any CPU.Build.0 = Debug|Any CPU
		{202F926A-AC68-4EF8-9655-F15676F61918}.Release|Any CPU.ActiveCfg = Release|Any CPU
		{202F926A-AC68-4EF8-9655-F15676F61918}.Release|Any CPU.Build.0 = Release|Any CPU
		{6DBD7D5E-008A-4359-AB30-EB6290DEF194}.Debug|Any CPU.ActiveCfg = Debug|Any CPU
		{6DBD7D5E-008A-4359-AB30-EB6290DEF194}.Debug|Any CPU.Build.0 = Debug|Any CPU
		{6DBD7D5E-008A-4359-AB30-EB6290DEF194}.Release|Any CPU.ActiveCfg = Release|Any CPU
		{6DBD7D5E-008A-4359-AB30-EB6290DEF194}.Release|Any CPU.Build.0 = Release|Any CPU
		{9845706D-FA24-4370-85E3-31B528086975}.Debug|Any CPU.ActiveCfg = Debug|Any CPU
		{9845706D-FA24-4370-85E3-31B528086975}.Debug|Any CPU.Build.0 = Debug|Any CPU
		{9845706D-FA24-4370-85E3-31B528086975}.Release|Any CPU.ActiveCfg = Release|Any CPU
		{9845706D-FA24-4370-85E3-31B528086975}.Release|Any CPU.Build.0 = Release|Any CPU
		{C0C51378-95E9-4038-835E-A96527842C8A}.Debug|Any CPU.ActiveCfg = Debug|Any CPU
		{C0C51378-95E9-4038-835E-A96527842C8A}.Debug|Any CPU.Build.0 = Debug|Any CPU
		{C0C51378-95E9-4038-835E-A96527842C8A}.Release|Any CPU.ActiveCfg = Release|Any CPU
		{C0C51378-95E9-4038-835E-A96527842C8A}.Release|Any CPU.Build.0 = Release|Any CPU
		{2A80EA75-F7DA-4A1F-AEBD-5CE86B81A9EF}.Debug|Any CPU.ActiveCfg = Debug|Any CPU
		{2A80EA75-F7DA-4A1F-AEBD-5CE86B81A9EF}.Debug|Any CPU.Build.0 = Debug|Any CPU
		{2A80EA75-F7DA-4A1F-AEBD-5CE86B81A9EF}.Release|Any CPU.ActiveCfg = Release|Any CPU
		{2A80EA75-F7DA-4A1F-AEBD-5CE86B81A9EF}.Release|Any CPU.Build.0 = Release|Any CPU
		{A14B9A1D-46C5-4629-A50E-161AE0037652}.Debug|Any CPU.ActiveCfg = Debug|Any CPU
		{A14B9A1D-46C5-4629-A50E-161AE0037652}.Debug|Any CPU.Build.0 = Debug|Any CPU
		{A14B9A1D-46C5-4629-A50E-161AE0037652}.Release|Any CPU.ActiveCfg = Release|Any CPU
		{A14B9A1D-46C5-4629-A50E-161AE0037652}.Release|Any CPU.Build.0 = Release|Any CPU
		{A4F9B4D7-8C3F-4D5C-A1E2-12F7B6D7E890}.Debug|Any CPU.ActiveCfg = Debug|Any CPU
		{A4F9B4D7-8C3F-4D5C-A1E2-12F7B6D7E890}.Debug|Any CPU.Build.0 = Debug|Any CPU
		{A4F9B4D7-8C3F-4D5C-A1E2-12F7B6D7E890}.Release|Any CPU.ActiveCfg = Release|Any CPU
		{A4F9B4D7-8C3F-4D5C-A1E2-12F7B6D7E890}.Release|Any CPU.Build.0 = Release|Any CPU
		{B9F84AD7-8C8F-4D5C-A1E2-12F7B6D7E891}.Debug|Any CPU.ActiveCfg = Debug|Any CPU
		{B9F84AD7-8C8F-4D5C-A1E2-12F7B6D7E891}.Debug|Any CPU.Build.0 = Debug|Any CPU
		{B9F84AD7-8C8F-4D5C-A1E2-12F7B6D7E891}.Release|Any CPU.ActiveCfg = Release|Any CPU
		{B9F84AD7-8C8F-4D5C-A1E2-12F7B6D7E891}.Release|Any CPU.Build.0 = Release|Any CPU
		{C9F84AD7-8C8F-4D5C-A1E2-12F7B6D7E892}.Debug|Any CPU.ActiveCfg = Debug|Any CPU
		{C9F84AD7-8C8F-4D5C-A1E2-12F7B6D7E892}.Debug|Any CPU.Build.0 = Debug|Any CPU
		{C9F84AD7-8C8F-4D5C-A1E2-12F7B6D7E892}.Release|Any CPU.ActiveCfg = Release|Any CPU
		{C9F84AD7-8C8F-4D5C-A1E2-12F7B6D7E892}.Release|Any CPU.Build.0 = Release|Any CPU
	EndGlobalSection
EndGlobal
